
Microsoft Visual Studio Solution File, Format Version 12.00
# Visual Studio Version 16
VisualStudioVersion = 16.0.31515.178
MinimumVisualStudioVersion = 10.0.40219.1
Project("{2150E333-8FDC-42A3-9474-1A3956D46DE8}") = "Aplicacao", "Aplicacao", "{23BEECB0-7BBA-4A7C-A471-0B70D5ADF838}"
EndProject
Project("{2150E333-8FDC-42A3-9474-1A3956D46DE8}") = "Entidade", "Entidade", "{F27652AE-B070-40C8-AE8E-EDADC82F7D7E}"
EndProject
Project("{2150E333-8FDC-42A3-9474-1A3956D46DE8}") = "Data", "Data", "{06314CB1-FEE2-474C-8B93-12F903AA7021}"
EndProject
Project("{2150E333-8FDC-42A3-9474-1A3956D46DE8}") = "Servico", "Servico", "{F31BC547-1F37-425D-9EFE-ABBF4D1FD9C2}"
EndProject
Project("{9A19103F-16F7-4668-BE54-9A1E7A4F7556}") = "Aplicacao.API", "Aplicacao.API\Aplicacao.API.csproj", "{2EDCEBA8-2138-4395-8092-06974B3E134D}"
EndProject
Project("{9A19103F-16F7-4668-BE54-9A1E7A4F7556}") = "Desenvolvimento.Data", "Desenvolvimento.Data\Desenvolvimento.Data.csproj", "{293B592A-24CD-43AB-BE7F-52C276E1FE5A}"
EndProject
Project("{9A19103F-16F7-4668-BE54-9A1E7A4F7556}") = "Desenvolvimento.Entidade", "Desenvolvimento.Entidade\Desenvolvimento.Entidade.csproj", "{F4537611-162F-4B5E-99F4-236950FA872C}"
EndProject
Project("{9A19103F-16F7-4668-BE54-9A1E7A4F7556}") = "Desenvolvimento.Servico", "Desenvolvimento.Servico\Desenvolvimento.Servico.csproj", "{22D81E9A-E770-4C89-BD66-4E5F1C675EF7}"
EndProject
Global
	GlobalSection(SolutionConfigurationPlatforms) = preSolution
		Debug|Any CPU = Debug|Any CPU
		Release|Any CPU = Release|Any CPU
	EndGlobalSection
	GlobalSection(ProjectConfigurationPlatforms) = postSolution
		{2EDCEBA8-2138-4395-8092-06974B3E134D}.Debug|Any CPU.ActiveCfg = Debug|Any CPU
		{2EDCEBA8-2138-4395-8092-06974B3E134D}.Debug|Any CPU.Build.0 = Debug|Any CPU
		{2EDCEBA8-2138-4395-8092-06974B3E134D}.Release|Any CPU.ActiveCfg = Release|Any CPU
		{2EDCEBA8-2138-4395-8092-06974B3E134D}.Release|Any CPU.Build.0 = Release|Any CPU
		{293B592A-24CD-43AB-BE7F-52C276E1FE5A}.Debug|Any CPU.ActiveCfg = Debug|Any CPU
		{293B592A-24CD-43AB-BE7F-52C276E1FE5A}.Debug|Any CPU.Build.0 = Debug|Any CPU
		{293B592A-24CD-43AB-BE7F-52C276E1FE5A}.Release|Any CPU.ActiveCfg = Release|Any CPU
		{293B592A-24CD-43AB-BE7F-52C276E1FE5A}.Release|Any CPU.Build.0 = Release|Any CPU
		{F4537611-162F-4B5E-99F4-236950FA872C}.Debug|Any CPU.ActiveCfg = Debug|Any CPU
		{F4537611-162F-4B5E-99F4-236950FA872C}.Debug|Any CPU.Build.0 = Debug|Any CPU
		{F4537611-162F-4B5E-99F4-236950FA872C}.Release|Any CPU.ActiveCfg = Release|Any CPU
		{F4537611-162F-4B5E-99F4-236950FA872C}.Release|Any CPU.Build.0 = Release|Any CPU
		{22D81E9A-E770-4C89-BD66-4E5F1C675EF7}.Debug|Any CPU.ActiveCfg = Debug|Any CPU
		{22D81E9A-E770-4C89-BD66-4E5F1C675EF7}.Debug|Any CPU.Build.0 = Debug|Any CPU
		{22D81E9A-E770-4C89-BD66-4E5F1C675EF7}.Release|Any CPU.ActiveCfg = Release|Any CPU
		{22D81E9A-E770-4C89-BD66-4E5F1C675EF7}.Release|Any CPU.Build.0 = Release|Any CPU
	EndGlobalSection
	GlobalSection(SolutionProperties) = preSolution
		HideSolutionNode = FALSE
	EndGlobalSection
	GlobalSection(NestedProjects) = preSolution
		{2EDCEBA8-2138-4395-8092-06974B3E134D} = {23BEECB0-7BBA-4A7C-A471-0B70D5ADF838}
		{293B592A-24CD-43AB-BE7F-52C276E1FE5A} = {06314CB1-FEE2-474C-8B93-12F903AA7021}
		{F4537611-162F-4B5E-99F4-236950FA872C} = {F27652AE-B070-40C8-AE8E-EDADC82F7D7E}
		{22D81E9A-E770-4C89-BD66-4E5F1C675EF7} = {F31BC547-1F37-425D-9EFE-ABBF4D1FD9C2}
	EndGlobalSection
	GlobalSection(ExtensibilityGlobals) = postSolution
		SolutionGuid = {B613942B-2C66-4F80-B361-F3431EBF573B}
	EndGlobalSection
EndGlobal
